
Microsoft Visual Studio Solution File, Format Version 12.00
# Visual Studio Version 16
VisualStudioVersion = 16.0.30621.155
MinimumVisualStudioVersion = 10.0.40219.1
Project("{FAE04EC0-301F-11D3-BF4B-00C04F79EFBC}") = "meme", "meme.csproj", "{EFD1D582-0DF8-449C-9730-891FE008D041}"
EndProject
Global
	GlobalSection(SolutionConfigurationPlatforms) = preSolution
		Debug|Any CPU = Debug|Any CPU
		Release|Any CPU = Release|Any CPU
	EndGlobalSection
	GlobalSection(ProjectConfigurationPlatforms) = postSolution
		{EFD1D582-0DF8-449C-9730-891FE008D041}.Debug|Any CPU.ActiveCfg = Debug|Any CPU
		{EFD1D582-0DF8-449C-9730-891FE008D041}.Debug|Any CPU.Build.0 = Debug|Any CPU
		{EFD1D582-0DF8-449C-9730-891FE008D041}.Release|Any CPU.ActiveCfg = Release|Any CPU
		{EFD1D582-0DF8-449C-9730-891FE008D041}.Release|Any CPU.Build.0 = Release|Any CPU
	EndGlobalSection
	GlobalSection(SolutionProperties) = preSolution
		HideSolutionNode = FALSE
	EndGlobalSection
	GlobalSection(ExtensibilityGlobals) = postSolution
		SolutionGuid = {F7BDD994-CCD1-4ED9-9808-13707DC81CDC}
	EndGlobalSection
EndGlobal
